// !$*UTF8*$!
{
	archiveVersion = 1;
	classes = {
	};
	objectVersion = 50;
	objects = {

/* Begin PBXBuildFile section */
		90CCCA782257E25E00A0FFAB /* AppDelegate.swift in Sources */ = {isa = PBXBuildFile; fileRef = 90CCCA772257E25E00A0FFAB /* AppDelegate.swift */; };
		90CCCA7A2257E25E00A0FFAB /* ViewController.swift in Sources */ = {isa = PBXBuildFile; fileRef = 90CCCA792257E25E00A0FFAB /* ViewController.swift */; };
		90CCCA7D2257E25E00A0FFAB /* Main.storyboard in Resources */ = {isa = PBXBuildFile; fileRef = 90CCCA7B2257E25E00A0FFAB /* Main.storyboard */; };
		90CCCA7F2257E25F00A0FFAB /* Assets.xcassets in Resources */ = {isa = PBXBuildFile; fileRef = 90CCCA7E2257E25F00A0FFAB /* Assets.xcassets */; };
		90CCCA822257E25F00A0FFAB /* LaunchScreen.storyboard in Resources */ = {isa = PBXBuildFile; fileRef = 90CCCA802257E25F00A0FFAB /* LaunchScreen.storyboard */; };
		90CCCA8A2257E31900A0FFAB /* start.txt in Resources */ = {isa = PBXBuildFile; fileRef = 90CCCA892257E31900A0FFAB /* start.txt */; };
/* End PBXBuildFile section */

/* Begin PBXFileReference section */
		90CCCA742257E25E00A0FFAB /* P05 Word Scrambler.app */ = {isa = PBXFileReference; explicitFileType = wrapper.application; includeInIndex = 0; path = "P05 Word Scrambler.app"; sourceTree = BUILT_PRODUCTS_DIR; };
		90CCCA772257E25E00A0FFAB /* AppDelegate.swift */ = {isa = PBXFileReference; lastKnownFileType = sourcecode.swift; path = AppDelegate.swift; sourceTree = "<group>"; };
		90CCCA792257E25E00A0FFAB /* ViewController.swift */ = {isa = PBXFileReference; lastKnownFileType = sourcecode.swift; path = ViewController.swift; sourceTree = "<group>"; };
		90CCCA7C2257E25E00A0FFAB /* Base */ = {isa = PBXFileReference; lastKnownFileType = file.storyboard; name = Base; path = Base.lproj/Main.storyboard; sourceTree = "<group>"; };
		90CCCA7E2257E25F00A0FFAB /* Assets.xcassets */ = {isa = PBXFileReference; lastKnownFileType = folder.assetcatalog; path = Assets.xcassets; sourceTree = "<group>"; };
		90CCCA812257E25F00A0FFAB /* Base */ = {isa = PBXFileReference; lastKnownFileType = file.storyboard; name = Base; path = Base.lproj/LaunchScreen.storyboard; sourceTree = "<group>"; };
		90CCCA832257E25F00A0FFAB /* Info.plist */ = {isa = PBXFileReference; lastKnownFileType = text.plist.xml; path = Info.plist; sourceTree = "<group>"; };
		90CCCA892257E31900A0FFAB /* start.txt */ = {isa = PBXFileReference; fileEncoding = 4; lastKnownFileType = text; path = start.txt; sourceTree = "<group>"; };
/* End PBXFileReference section */

/* Begin PBXFrameworksBuildPhase section */
		90CCCA712257E25E00A0FFAB /* Frameworks */ = {
			isa = PBXFrameworksBuildPhase;
			buildActionMask = 2147483647;
			files = (
			);
			runOnlyForDeploymentPostprocessing = 0;
		};
/* End PBXFrameworksBuildPhase section */

/* Begin PBXGroup section */
		90CCCA6B2257E25E00A0FFAB = {
			isa = PBXGroup;
			children = (
				90CCCA762257E25E00A0FFAB /* P05 Word Scrambler */,
				90CCCA752257E25E00A0FFAB /* Products */,
			);
			sourceTree = "<group>";
		};
		90CCCA752257E25E00A0FFAB /* Products */ = {
			isa = PBXGroup;
			children = (
				90CCCA742257E25E00A0FFAB /* P05 Word Scrambler.app */,
			);
			name = Products;
			sourceTree = "<group>";
		};
		90CCCA762257E25E00A0FFAB /* P05 Word Scrambler */ = {
			isa = PBXGroup;
			children = (
				90CCCA772257E25E00A0FFAB /* AppDelegate.swift */,
				90CCCA792257E25E00A0FFAB /* ViewController.swift */,
				90CCCA7B2257E25E00A0FFAB /* Main.storyboard */,
				90CCCA7E2257E25F00A0FFAB /* Assets.xcassets */,
				90CCCA802257E25F00A0FFAB /* LaunchScreen.storyboard */,
				90CCCA832257E25F00A0FFAB /* Info.plist */,
				90CCCA892257E31900A0FFAB /* start.txt */,
			);
			path = "P05 Word Scrambler";
			sourceTree = "<group>";
		};
/* End PBXGroup section */

/* Begin PBXNativeTarget section */
		90CCCA732257E25E00A0FFAB /* P05 Word Scrambler */ = {
			isa = PBXNativeTarget;
			buildConfigurationList = 90CCCA862257E25F00A0FFAB /* Build configuration list for PBXNativeTarget "P05 Word Scrambler" */;
			buildPhases = (
				90CCCA702257E25E00A0FFAB /* Sources */,
				90CCCA712257E25E00A0FFAB /* Frameworks */,
				90CCCA722257E25E00A0FFAB /* Resources */,
			);
			buildRules = (
			);
			dependencies = (
			);
			name = "P05 Word Scrambler";
			productName = "P05 Word Scrambler";
			productReference = 90CCCA742257E25E00A0FFAB /* P05 Word Scrambler.app */;
			productType = "com.apple.product-type.application";
		};
/* End PBXNativeTarget section */

/* Begin PBXProject section */
		90CCCA6C2257E25E00A0FFAB /* Project object */ = {
			isa = PBXProject;
			attributes = {
				LastSwiftUpdateCheck = 1020;
				LastUpgradeCheck = 1020;
				ORGANIZATIONNAME = "Beau Herron";
				TargetAttributes = {
					90CCCA732257E25E00A0FFAB = {
						CreatedOnToolsVersion = 10.2;
					};
				};
			};
			buildConfigurationList = 90CCCA6F2257E25E00A0FFAB /* Build configuration list for PBXProject "P05 Word Scrambler" */;
			compatibilityVersion = "Xcode 9.3";
			developmentRegion = en;
			hasScannedForEncodings = 0;
			knownRegions = (
				en,
				Base,
			);
			mainGroup = 90CCCA6B2257E25E00A0FFAB;
			productRefGroup = 90CCCA752257E25E00A0FFAB /* Products */;
			projectDirPath = "";
			projectRoot = "";
			targets = (
				90CCCA732257E25E00A0FFAB /* P05 Word Scrambler */,
			);
		};
/* End PBXProject section */

/* Begin PBXResourcesBuildPhase section */
		90CCCA722257E25E00A0FFAB /* Resources */ = {
			isa = PBXResourcesBuildPhase;
			buildActionMask = 2147483647;
			files = (
				90CCCA822257E25F00A0FFAB /* LaunchScreen.storyboard in Resources */,
				90CCCA8A2257E31900A0FFAB /* start.txt in Resources */,
				90CCCA7F2257E25F00A0FFAB /* Assets.xcassets in Resources */,
				90CCCA7D2257E25E00A0FFAB /* Main.storyboard in Resources */,
			);
			runOnlyForDeploymentPostprocessing = 0;
		};
/* End PBXResourcesBuildPhase section */

/* Begin PBXSourcesBuildPhase section */
		90CCCA702257E25E00A0FFAB /* Sources */ = {
			isa = PBXSourcesBuildPhase;
			buildActionMask = 2147483647;
			files = (
				90CCCA7A2257E25E00A0FFAB /* ViewController.swift in Sources */,
				90CCCA782257E25E00A0FFAB /* AppDelegate.swift in Sources */,
			);
			runOnlyForDeploymentPostprocessing = 0;
		};
/* End PBXSourcesBuildPhase section */

/* Begin PBXVariantGroup section */
		90CCCA7B2257E25E00A0FFAB /* Main.storyboard */ = {
			isa = PBXVariantGroup;
			children = (
				90CCCA7C2257E25E00A0FFAB /* Base */,
			);
			name = Main.storyboard;
			sourceTree = "<group>";
		};
		90CCCA802257E25F00A0FFAB /* LaunchScreen.storyboard */ = {
			isa = PBXVariantGroup;
			children = (
				90CCCA812257E25F00A0FFAB /* Base */,
			);
			name = LaunchScreen.storyboard;
			sourceTree = "<group>";
		};
/* End PBXVariantGroup section */

/* Begin XCBuildConfiguration section */
		90CCCA842257E25F00A0FFAB /* Debug */ = {
			isa = XCBuildConfiguration;
			buildSettings = {
				ALWAYS_SEARCH_USER_PATHS = NO;
				CLANG_ANALYZER_NONNULL = YES;
				CLANG_ANALYZER_NUMBER_OBJECT_CONVERSION = YES_AGGRESSIVE;
				CLANG_CXX_LANGUAGE_STANDARD = "gnu++14";
				CLANG_CXX_LIBRARY = "libc++";
				CLANG_ENABLE_MODULES = YES;
				CLANG_ENABLE_OBJC_ARC = YES;
				CLANG_ENABLE_OBJC_WEAK = YES;
				CLANG_WARN_BLOCK_CAPTURE_AUTORELEASING = YES;
				CLANG_WARN_BOOL_CONVERSION = YES;
				CLANG_WARN_COMMA = YES;
				CLANG_WARN_CONSTANT_CONVERSION = YES;
				CLANG_WARN_DEPRECATED_OBJC_IMPLEMENTATIONS = YES;
				CLANG_WARN_DIRECT_OBJC_ISA_USAGE = YES_ERROR;
				CLANG_WARN_DOCUMENTATION_COMMENTS = YES;
				CLANG_WARN_EMPTY_BODY = YES;
				CLANG_WARN_ENUM_CONVERSION = YES;
				CLANG_WARN_INFINITE_RECURSION = YES;
				CLANG_WARN_INT_CONVERSION = YES;
				CLANG_WARN_NON_LITERAL_NULL_CONVERSION = YES;
				CLANG_WARN_OBJC_IMPLICIT_RETAIN_SELF = YES;
				CLANG_WARN_OBJC_LITERAL_CONVERSION = YES;
				CLANG_WARN_OBJC_ROOT_CLASS = YES_ERROR;
				CLANG_WARN_RANGE_LOOP_ANALYSIS = YES;
				CLANG_WARN_STRICT_PROTOTYPES = YES;
				CLANG_WARN_SUSPICIOUS_MOVE = YES;
				CLANG_WARN_UNGUARDED_AVAILABILITY = YES_AGGRESSIVE;
				CLANG_WARN_UNREACHABLE_CODE = YES;
				CLANG_WARN__DUPLICATE_METHOD_MATCH = YES;
				CODE_SIGN_IDENTITY = "iPhone Developer";
				COPY_PHASE_STRIP = NO;
				DEBUG_INFORMATION_FORMAT = dwarf;
				ENABLE_STRICT_OBJC_MSGSEND = YES;
				ENABLE_TESTABILITY = YES;
				GCC_C_LANGUAGE_STANDARD = gnu11;
				GCC_DYNAMIC_NO_PIC = NO;
				GCC_NO_COMMON_BLOCKS = YES;
				GCC_OPTIMIZATION_LEVEL = 0;
				GCC_PREPROCESSOR_DEFINITIONS = (
					"DEBUG=1",
					"$(inherited)",
				);
				GCC_WARN_64_TO_32_BIT_CONVERSION = YES;
				GCC_WARN_ABOUT_RETURN_TYPE = YES_ERROR;
				GCC_WARN_UNDECLARED_SELECTOR = YES;
				GCC_WARN_UNINITIALIZED_AUTOS = YES_AGGRESSIVE;
				GCC_WARN_UNUSED_FUNCTION = YES;
				GCC_WARN_UNUSED_VARIABLE = YES;
				IPHONEOS_DEPLOYMENT_TARGET = 12.2;
				MTL_ENABLE_DEBUG_INFO = INCLUDE_SOURCE;
				MTL_FAST_MATH = YES;
				ONLY_ACTIVE_ARCH = YES;
				SDKROOT = iphoneos;
				SWIFT_ACTIVE_COMPILATION_CONDITIONS = DEBUG;
				SWIFT_OPTIMIZATION_LEVEL = "-Onone";
			};
			name = Debug;
		};
		90CCCA852257E25F00A0FFAB /* Release */ = {
			isa = XCBuildConfiguration;
			buildSettings = {
				ALWAYS_SEARCH_USER_PATHS = NO;
				CLANG_ANALYZER_NONNULL = YES;
				CLANG_ANALYZER_NUMBER_OBJECT_CONVERSION = YES_AGGRESSIVE;
				CLANG_CXX_LANGUAGE_STANDARD = "gnu++14";
				CLANG_CXX_LIBRARY = "libc++";
				CLANG_ENABLE_MODULES = YES;
				CLANG_ENABLE_OBJC_ARC = YES;
				CLANG_ENABLE_OBJC_WEAK = YES;
				CLANG_WARN_BLOCK_CAPTURE_AUTORELEASING = YES;
				CLANG_WARN_BOOL_CONVERSION = YES;
				CLANG_WARN_COMMA = YES;
				CLANG_WARN_CONSTANT_CONVERSION = YES;
				CLANG_WARN_DEPRECATED_OBJC_IMPLEMENTATIONS = YES;
				CLANG_WARN_DIRECT_OBJC_ISA_USAGE = YES_ERROR;
				CLANG_WARN_DOCUMENTATION_COMMENTS = YES;
				CLANG_WARN_EMPTY_BODY = YES;
				CLANG_WARN_ENUM_CONVERSION = YES;
				CLANG_WARN_INFINITE_RECURSION = YES;
				CLANG_WARN_INT_CONVERSION = YES;
				CLANG_WARN_NON_LITERAL_NULL_CONVERSION = YES;
				CLANG_WARN_OBJC_IMPLICIT_RETAIN_SELF = YES;
				CLANG_WARN_OBJC_LITERAL_CONVERSION = YES;
				CLANG_WARN_OBJC_ROOT_CLASS = YES_ERROR;
				CLANG_WARN_RANGE_LOOP_ANALYSIS = YES;
				CLANG_WARN_STRICT_PROTOTYPES = YES;
				CLANG_WARN_SUSPICIOUS_MOVE = YES;
				CLANG_WARN_UNGUARDED_AVAILABILITY = YES_AGGRESSIVE;
				CLANG_WARN_UNREACHABLE_CODE = YES;
				CLANG_WARN__DUPLICATE_METHOD_MATCH = YES;
				CODE_SIGN_IDENTITY = "iPhone Developer";
				COPY_PHASE_STRIP = NO;
				DEBUG_INFORMATION_FORMAT = "dwarf-with-dsym";
				ENABLE_NS_ASSERTIONS = NO;
				ENABLE_STRICT_OBJC_MSGSEND = YES;
				GCC_C_LANGUAGE_STANDARD = gnu11;
				GCC_NO_COMMON_BLOCKS = YES;
				GCC_WARN_64_TO_32_BIT_CONVERSION = YES;
				GCC_WARN_ABOUT_RETURN_TYPE = YES_ERROR;
				GCC_WARN_UNDECLARED_SELECTOR = YES;
				GCC_WARN_UNINITIALIZED_AUTOS = YES_AGGRESSIVE;
				GCC_WARN_UNUSED_FUNCTION = YES;
				GCC_WARN_UNUSED_VARIABLE = YES;
				IPHONEOS_DEPLOYMENT_TARGET = 12.2;
				MTL_ENABLE_DEBUG_INFO = NO;
				MTL_FAST_MATH = YES;
				SDKROOT = iphoneos;
				SWIFT_COMPILATION_MODE = wholemodule;
				SWIFT_OPTIMIZATION_LEVEL = "-O";
				VALIDATE_PRODUCT = YES;
			};
			name = Release;
		};
		90CCCA872257E25F00A0FFAB /* Debug */ = {
			isa = XCBuildConfiguration;
			buildSettings = {
				ASSETCATALOG_COMPILER_APPICON_NAME = AppIcon;
				CODE_SIGN_STYLE = Automatic;
				DEVELOPMENT_TEAM = 5S833HUXN9;
				INFOPLIST_FILE = "P05 Word Scrambler/Info.plist";
				LD_RUNPATH_SEARCH_PATHS = (
					"$(inherited)",
					"@executable_path/Frameworks",
				);
				PRODUCT_BUNDLE_IDENTIFIER = "com.beauherron.P05-Word-Scrambler";
				PRODUCT_NAME = "$(TARGET_NAME)";
				SWIFT_VERSION = 5.0;
				TARGETED_DEVICE_FAMILY = "1,2";
			};
			name = Debug;
		};
		90CCCA882257E25F00A0FFAB /* Release */ = {
			isa = XCBuildConfiguration;
			buildSettings = {
				ASSETCATALOG_COMPILER_APPICON_NAME = AppIcon;
				CODE_SIGN_STYLE = Automatic;
				DEVELOPMENT_TEAM = 5S833HUXN9;
				INFOPLIST_FILE = "P05 Word Scrambler/Info.plist";
				LD_RUNPATH_SEARCH_PATHS = (
					"$(inherited)",
					"@executable_path/Frameworks",
				);
				PRODUCT_BUNDLE_IDENTIFIER = "com.beauherron.P05-Word-Scrambler";
				PRODUCT_NAME = "$(TARGET_NAME)";
				SWIFT_VERSION = 5.0;
				TARGETED_DEVICE_FAMILY = "1,2";
			};
			name = Release;
		};
/* End XCBuildConfiguration section */

/* Begin XCConfigurationList section */
		90CCCA6F2257E25E00A0FFAB /* Build configuration list for PBXProject "P05 Word Scrambler" */ = {
			isa = XCConfigurationList;
			buildConfigurations = (
				90CCCA842257E25F00A0FFAB /* Debug */,
				90CCCA852257E25F00A0FFAB /* Release */,
			);
			defaultConfigurationIsVisible = 0;
			defaultConfigurationName = Release;
		};
		90CCCA862257E25F00A0FFAB /* Build configuration list for PBXNativeTarget "P05 Word Scrambler" */ = {
			isa = XCConfigurationList;
			buildConfigurations = (
				90CCCA872257E25F00A0FFAB /* Debug */,
				90CCCA882257E25F00A0FFAB /* Release */,
			);
			defaultConfigurationIsVisible = 0;
			defaultConfigurationName = Release;
		};
/* End XCConfigurationList section */
	};
	rootObject = 90CCCA6C2257E25E00A0FFAB /* Project object */;
}
